// !$*UTF8*$!
{
	archiveVersion = 1;
	classes = {
	};
	objectVersion = 50;
	objects = {

/* Begin PBXBuildFile section */
		B3742AE42298778200FFB961 /* AppDelegate.swift in Sources */ = {isa = PBXBuildFile; fileRef = B3742AE32298778200FFB961 /* AppDelegate.swift */; };
		B3742AE62298778200FFB961 /* ViewController.swift in Sources */ = {isa = PBXBuildFile; fileRef = B3742AE52298778200FFB961 /* ViewController.swift */; };
		B3742AE92298778200FFB961 /* Main.storyboard in Resources */ = {isa = PBXBuildFile; fileRef = B3742AE72298778200FFB961 /* Main.storyboard */; };
		B3742AEB2298778300FFB961 /* Assets.xcassets in Resources */ = {isa = PBXBuildFile; fileRef = B3742AEA2298778300FFB961 /* Assets.xcassets */; };
		B3742AEE2298778300FFB961 /* LaunchScreen.storyboard in Resources */ = {isa = PBXBuildFile; fileRef = B3742AEC2298778300FFB961 /* LaunchScreen.storyboard */; };
		B3742AF62298797D00FFB961 /* DetailCell.swift in Sources */ = {isa = PBXBuildFile; fileRef = B3742AF52298797D00FFB961 /* DetailCell.swift */; };
		B3742AF822987A9C00FFB961 /* Model.swift in Sources */ = {isa = PBXBuildFile; fileRef = B3742AF722987A9C00FFB961 /* Model.swift */; };
		B3DC45A522988EF400A49ABD /* main.framework in Frameworks */ = {isa = PBXBuildFile; fileRef = B3DC45A422988EF400A49ABD /* main.framework */; };
		B3DC45A622988EF400A49ABD /* main.framework in Embed Frameworks */ = {isa = PBXBuildFile; fileRef = B3DC45A422988EF400A49ABD /* main.framework */; settings = {ATTRIBUTES = (CodeSignOnCopy, RemoveHeadersOnCopy, ); }; };
/* End PBXBuildFile section */

/* Begin PBXCopyFilesBuildPhase section */
		B3DC459D2298868C00A49ABD /* Embed Frameworks */ = {
			isa = PBXCopyFilesBuildPhase;
			buildActionMask = 2147483647;
			dstPath = "";
			dstSubfolderSpec = 10;
			files = (
				B3DC45A622988EF400A49ABD /* main.framework in Embed Frameworks */,
			);
			name = "Embed Frameworks";
			runOnlyForDeploymentPostprocessing = 0;
		};
/* End PBXCopyFilesBuildPhase section */

/* Begin PBXFileReference section */
		B3742AE02298778200FFB961 /* KotlinNativeTest.app */ = {isa = PBXFileReference; explicitFileType = wrapper.application; includeInIndex = 0; path = KotlinNativeTest.app; sourceTree = BUILT_PRODUCTS_DIR; };
		B3742AE32298778200FFB961 /* AppDelegate.swift */ = {isa = PBXFileReference; lastKnownFileType = sourcecode.swift; path = AppDelegate.swift; sourceTree = "<group>"; };
		B3742AE52298778200FFB961 /* ViewController.swift */ = {isa = PBXFileReference; lastKnownFileType = sourcecode.swift; path = ViewController.swift; sourceTree = "<group>"; };
		B3742AE82298778200FFB961 /* Base */ = {isa = PBXFileReference; lastKnownFileType = file.storyboard; name = Base; path = Base.lproj/Main.storyboard; sourceTree = "<group>"; };
		B3742AEA2298778300FFB961 /* Assets.xcassets */ = {isa = PBXFileReference; lastKnownFileType = folder.assetcatalog; path = Assets.xcassets; sourceTree = "<group>"; };
		B3742AED2298778300FFB961 /* Base */ = {isa = PBXFileReference; lastKnownFileType = file.storyboard; name = Base; path = Base.lproj/LaunchScreen.storyboard; sourceTree = "<group>"; };
		B3742AEF2298778300FFB961 /* Info.plist */ = {isa = PBXFileReference; lastKnownFileType = text.plist.xml; path = Info.plist; sourceTree = "<group>"; };
		B3742AF52298797D00FFB961 /* DetailCell.swift */ = {isa = PBXFileReference; lastKnownFileType = sourcecode.swift; path = DetailCell.swift; sourceTree = "<group>"; };
		B3742AF722987A9C00FFB961 /* Model.swift */ = {isa = PBXFileReference; lastKnownFileType = sourcecode.swift; path = Model.swift; sourceTree = "<group>"; };
		B3DC45A422988EF400A49ABD /* main.framework */ = {isa = PBXFileReference; lastKnownFileType = wrapper.framework; path = main.framework; sourceTree = "<group>"; };
/* End PBXFileReference section */

/* Begin PBXFrameworksBuildPhase section */
		B3742ADD2298778200FFB961 /* Frameworks */ = {
			isa = PBXFrameworksBuildPhase;
			buildActionMask = 2147483647;
			files = (
				B3DC45A522988EF400A49ABD /* main.framework in Frameworks */,
			);
			runOnlyForDeploymentPostprocessing = 0;
		};
/* End PBXFrameworksBuildPhase section */

/* Begin PBXGroup section */
		B3742AD72298778200FFB961 = {
			isa = PBXGroup;
			children = (
				B3DC45A422988EF400A49ABD /* main.framework */,
				B3742AE22298778200FFB961 /* KotlinNativeTest */,
				B3742AE12298778200FFB961 /* Products */,
			);
			sourceTree = "<group>";
		};
		B3742AE12298778200FFB961 /* Products */ = {
			isa = PBXGroup;
			children = (
				B3742AE02298778200FFB961 /* KotlinNativeTest.app */,
			);
			name = Products;
			sourceTree = "<group>";
		};
		B3742AE22298778200FFB961 /* KotlinNativeTest */ = {
			isa = PBXGroup;
			children = (
				B3742AE32298778200FFB961 /* AppDelegate.swift */,
				B3742AF722987A9C00FFB961 /* Model.swift */,
				B3742AE52298778200FFB961 /* ViewController.swift */,
				B3742AF52298797D00FFB961 /* DetailCell.swift */,
				B3742AE72298778200FFB961 /* Main.storyboard */,
				B3742AEA2298778300FFB961 /* Assets.xcassets */,
				B3742AEC2298778300FFB961 /* LaunchScreen.storyboard */,
				B3742AEF2298778300FFB961 /* Info.plist */,
			);
			path = KotlinNativeTest;
			sourceTree = "<group>";
		};
/* End PBXGroup section */

/* Begin PBXNativeTarget section */
		B3742ADF2298778200FFB961 /* KotlinNativeTest */ = {
			isa = PBXNativeTarget;
			buildConfigurationList = B3742AF22298778300FFB961 /* Build configuration list for PBXNativeTarget "KotlinNativeTest" */;
			buildPhases = (
				B3742ADC2298778200FFB961 /* Sources */,
				B3742ADD2298778200FFB961 /* Frameworks */,
				B3742ADE2298778200FFB961 /* Resources */,
				B3DC459D2298868C00A49ABD /* Embed Frameworks */,
			);
			buildRules = (
			);
			dependencies = (
			);
			name = KotlinNativeTest;
			productName = KotlinNativeTest;
			productReference = B3742AE02298778200FFB961 /* KotlinNativeTest.app */;
			productType = "com.apple.product-type.application";
		};
/* End PBXNativeTarget section */

/* Begin PBXProject section */
		B3742AD82298778200FFB961 /* Project object */ = {
			isa = PBXProject;
			attributes = {
				LastSwiftUpdateCheck = 1020;
				LastUpgradeCheck = 1020;
				ORGANIZATIONNAME = "Appus Software";
				TargetAttributes = {
					B3742ADF2298778200FFB961 = {
						CreatedOnToolsVersion = 10.2.1;
					};
				};
			};
			buildConfigurationList = B3742ADB2298778200FFB961 /* Build configuration list for PBXProject "KotlinNativeTest" */;
			compatibilityVersion = "Xcode 9.3";
			developmentRegion = en;
			hasScannedForEncodings = 0;
			knownRegions = (
				en,
				Base,
			);
			mainGroup = B3742AD72298778200FFB961;
			productRefGroup = B3742AE12298778200FFB961 /* Products */;
			projectDirPath = "";
			projectRoot = "";
			targets = (
				B3742ADF2298778200FFB961 /* KotlinNativeTest */,
			);
		};
/* End PBXProject section */

/* Begin PBXResourcesBuildPhase section */
		B3742ADE2298778200FFB961 /* Resources */ = {
			isa = PBXResourcesBuildPhase;
			buildActionMask = 2147483647;
			files = (
				B3742AEE2298778300FFB961 /* LaunchScreen.storyboard in Resources */,
				B3742AEB2298778300FFB961 /* Assets.xcassets in Resources */,
				B3742AE92298778200FFB961 /* Main.storyboard in Resources */,
			);
			runOnlyForDeploymentPostprocessing = 0;
		};
/* End PBXResourcesBuildPhase section */

/* Begin PBXSourcesBuildPhase section */
		B3742ADC2298778200FFB961 /* Sources */ = {
			isa = PBXSourcesBuildPhase;
			buildActionMask = 2147483647;
			files = (
				B3742AF62298797D00FFB961 /* DetailCell.swift in Sources */,
				B3742AE62298778200FFB961 /* ViewController.swift in Sources */,
				B3742AE42298778200FFB961 /* AppDelegate.swift in Sources */,
				B3742AF822987A9C00FFB961 /* Model.swift in Sources */,
			);
			runOnlyForDeploymentPostprocessing = 0;
		};
/* End PBXSourcesBuildPhase section */

/* Begin PBXVariantGroup section */
		B3742AE72298778200FFB961 /* Main.storyboard */ = {
			isa = PBXVariantGroup;
			children = (
				B3742AE82298778200FFB961 /* Base */,
			);
			name = Main.storyboard;
			sourceTree = "<group>";
		};
		B3742AEC2298778300FFB961 /* LaunchScreen.storyboard */ = {
			isa = PBXVariantGroup;
			children = (
				B3742AED2298778300FFB961 /* Base */,
			);
			name = LaunchScreen.storyboard;
			sourceTree = "<group>";
		};
/* End PBXVariantGroup section */

/* Begin XCBuildConfiguration section */
		B3742AF02298778300FFB961 /* Debug */ = {
			isa = XCBuildConfiguration;
			buildSettings = {
				ALWAYS_SEARCH_USER_PATHS = NO;
				CLANG_ANALYZER_NONNULL = YES;
				CLANG_ANALYZER_NUMBER_OBJECT_CONVERSION = YES_AGGRESSIVE;
				CLANG_CXX_LANGUAGE_STANDARD = "gnu++14";
				CLANG_CXX_LIBRARY = "libc++";
				CLANG_ENABLE_MODULES = YES;
				CLANG_ENABLE_OBJC_ARC = YES;
				CLANG_ENABLE_OBJC_WEAK = YES;
				CLANG_WARN_BLOCK_CAPTURE_AUTORELEASING = YES;
				CLANG_WARN_BOOL_CONVERSION = YES;
				CLANG_WARN_COMMA = YES;
				CLANG_WARN_CONSTANT_CONVERSION = YES;
				CLANG_WARN_DEPRECATED_OBJC_IMPLEMENTATIONS = YES;
				CLANG_WARN_DIRECT_OBJC_ISA_USAGE = YES_ERROR;
				CLANG_WARN_DOCUMENTATION_COMMENTS = YES;
				CLANG_WARN_EMPTY_BODY = YES;
				CLANG_WARN_ENUM_CONVERSION = YES;
				CLANG_WARN_INFINITE_RECURSION = YES;
				CLANG_WARN_INT_CONVERSION = YES;
				CLANG_WARN_NON_LITERAL_NULL_CONVERSION = YES;
				CLANG_WARN_OBJC_IMPLICIT_RETAIN_SELF = YES;
				CLANG_WARN_OBJC_LITERAL_CONVERSION = YES;
				CLANG_WARN_OBJC_ROOT_CLASS = YES_ERROR;
				CLANG_WARN_RANGE_LOOP_ANALYSIS = YES;
				CLANG_WARN_STRICT_PROTOTYPES = YES;
				CLANG_WARN_SUSPICIOUS_MOVE = YES;
				CLANG_WARN_UNGUARDED_AVAILABILITY = YES_AGGRESSIVE;
				CLANG_WARN_UNREACHABLE_CODE = YES;
				CLANG_WARN__DUPLICATE_METHOD_MATCH = YES;
				CODE_SIGN_IDENTITY = "iPhone Developer";
				COPY_PHASE_STRIP = NO;
				DEBUG_INFORMATION_FORMAT = dwarf;
				ENABLE_STRICT_OBJC_MSGSEND = YES;
				ENABLE_TESTABILITY = YES;
				GCC_C_LANGUAGE_STANDARD = gnu11;
				GCC_DYNAMIC_NO_PIC = NO;
				GCC_NO_COMMON_BLOCKS = YES;
				GCC_OPTIMIZATION_LEVEL = 0;
				GCC_PREPROCESSOR_DEFINITIONS = (
					"DEBUG=1",
					"$(inherited)",
				);
				GCC_WARN_64_TO_32_BIT_CONVERSION = YES;
				GCC_WARN_ABOUT_RETURN_TYPE = YES_ERROR;
				GCC_WARN_UNDECLARED_SELECTOR = YES;
				GCC_WARN_UNINITIALIZED_AUTOS = YES_AGGRESSIVE;
				GCC_WARN_UNUSED_FUNCTION = YES;
				GCC_WARN_UNUSED_VARIABLE = YES;
				IPHONEOS_DEPLOYMENT_TARGET = 12.2;
				MTL_ENABLE_DEBUG_INFO = INCLUDE_SOURCE;
				MTL_FAST_MATH = YES;
				ONLY_ACTIVE_ARCH = YES;
				SDKROOT = iphoneos;
				SWIFT_ACTIVE_COMPILATION_CONDITIONS = DEBUG;
				SWIFT_OPTIMIZATION_LEVEL = "-Onone";
			};
			name = Debug;
		};
		B3742AF12298778300FFB961 /* Release */ = {
			isa = XCBuildConfiguration;
			buildSettings = {
				ALWAYS_SEARCH_USER_PATHS = NO;
				CLANG_ANALYZER_NONNULL = YES;
				CLANG_ANALYZER_NUMBER_OBJECT_CONVERSION = YES_AGGRESSIVE;
				CLANG_CXX_LANGUAGE_STANDARD = "gnu++14";
				CLANG_CXX_LIBRARY = "libc++";
				CLANG_ENABLE_MODULES = YES;
				CLANG_ENABLE_OBJC_ARC = YES;
				CLANG_ENABLE_OBJC_WEAK = YES;
				CLANG_WARN_BLOCK_CAPTURE_AUTORELEASING = YES;
				CLANG_WARN_BOOL_CONVERSION = YES;
				CLANG_WARN_COMMA = YES;
				CLANG_WARN_CONSTANT_CONVERSION = YES;
				CLANG_WARN_DEPRECATED_OBJC_IMPLEMENTATIONS = YES;
				CLANG_WARN_DIRECT_OBJC_ISA_USAGE = YES_ERROR;
				CLANG_WARN_DOCUMENTATION_COMMENTS = YES;
				CLANG_WARN_EMPTY_BODY = YES;
				CLANG_WARN_ENUM_CONVERSION = YES;
				CLANG_WARN_INFINITE_RECURSION = YES;
				CLANG_WARN_INT_CONVERSION = YES;
				CLANG_WARN_NON_LITERAL_NULL_CONVERSION = YES;
				CLANG_WARN_OBJC_IMPLICIT_RETAIN_SELF = YES;
				CLANG_WARN_OBJC_LITERAL_CONVERSION = YES;
				CLANG_WARN_OBJC_ROOT_CLASS = YES_ERROR;
				CLANG_WARN_RANGE_LOOP_ANALYSIS = YES;
				CLANG_WARN_STRICT_PROTOTYPES = YES;
				CLANG_WARN_SUSPICIOUS_MOVE = YES;
				CLANG_WARN_UNGUARDED_AVAILABILITY = YES_AGGRESSIVE;
				CLANG_WARN_UNREACHABLE_CODE = YES;
				CLANG_WARN__DUPLICATE_METHOD_MATCH = YES;
				CODE_SIGN_IDENTITY = "iPhone Developer";
				COPY_PHASE_STRIP = NO;
				DEBUG_INFORMATION_FORMAT = "dwarf-with-dsym";
				ENABLE_NS_ASSERTIONS = NO;
				ENABLE_STRICT_OBJC_MSGSEND = YES;
				GCC_C_LANGUAGE_STANDARD = gnu11;
				GCC_NO_COMMON_BLOCKS = YES;
				GCC_WARN_64_TO_32_BIT_CONVERSION = YES;
				GCC_WARN_ABOUT_RETURN_TYPE = YES_ERROR;
				GCC_WARN_UNDECLARED_SELECTOR = YES;
				GCC_WARN_UNINITIALIZED_AUTOS = YES_AGGRESSIVE;
				GCC_WARN_UNUSED_FUNCTION = YES;
				GCC_WARN_UNUSED_VARIABLE = YES;
				IPHONEOS_DEPLOYMENT_TARGET = 12.2;
				MTL_ENABLE_DEBUG_INFO = NO;
				MTL_FAST_MATH = YES;
				SDKROOT = iphoneos;
				SWIFT_COMPILATION_MODE = wholemodule;
				SWIFT_OPTIMIZATION_LEVEL = "-O";
				VALIDATE_PRODUCT = YES;
			};
			name = Release;
		};
		B3742AF32298778300FFB961 /* Debug */ = {
			isa = XCBuildConfiguration;
			buildSettings = {
				ASSETCATALOG_COMPILER_APPICON_NAME = AppIcon;
				CODE_SIGN_STYLE = Automatic;
				DEVELOPMENT_TEAM = XXJ982FRVN;
				FRAMEWORK_SEARCH_PATHS = (
					"$(inherited)",
					"$(PROJECT_DIR)/KotlinNativeTest",
					"$(PROJECT_DIR)",
				);
				INFOPLIST_FILE = KotlinNativeTest/Info.plist;
				IPHONEOS_DEPLOYMENT_TARGET = 11.0;
				LD_RUNPATH_SEARCH_PATHS = (
					"$(inherited)",
					"@executable_path/Frameworks",
				);
				PRODUCT_BUNDLE_IDENTIFIER = com.appus.KotlinNativeTest;
				PRODUCT_NAME = "$(TARGET_NAME)";
				SWIFT_VERSION = 5.0;
				TARGETED_DEVICE_FAMILY = "1,2";
			};
			name = Debug;
		};
		B3742AF42298778300FFB961 /* Release */ = {
			isa = XCBuildConfiguration;
			buildSettings = {
				ASSETCATALOG_COMPILER_APPICON_NAME = AppIcon;
				CODE_SIGN_STYLE = Automatic;
				DEVELOPMENT_TEAM = XXJ982FRVN;
				FRAMEWORK_SEARCH_PATHS = (
					"$(inherited)",
					"$(PROJECT_DIR)/KotlinNativeTest",
					"$(PROJECT_DIR)",
				);
				INFOPLIST_FILE = KotlinNativeTest/Info.plist;
				IPHONEOS_DEPLOYMENT_TARGET = 11.0;
				LD_RUNPATH_SEARCH_PATHS = (
					"$(inherited)",
					"@executable_path/Frameworks",
				);
				PRODUCT_BUNDLE_IDENTIFIER = com.appus.KotlinNativeTest;
				PRODUCT_NAME = "$(TARGET_NAME)";
				SWIFT_VERSION = 5.0;
				TARGETED_DEVICE_FAMILY = "1,2";
			};
			name = Release;
		};
/* End XCBuildConfiguration section */

/* Begin XCConfigurationList section */
		B3742ADB2298778200FFB961 /* Build configuration list for PBXProject "KotlinNativeTest" */ = {
			isa = XCConfigurationList;
			buildConfigurations = (
				B3742AF02298778300FFB961 /* Debug */,
				B3742AF12298778300FFB961 /* Release */,
			);
			defaultConfigurationIsVisible = 0;
			defaultConfigurationName = Release;
		};
		B3742AF22298778300FFB961 /* Build configuration list for PBXNativeTarget "KotlinNativeTest" */ = {
			isa = XCConfigurationList;
			buildConfigurations = (
				B3742AF32298778300FFB961 /* Debug */,
				B3742AF42298778300FFB961 /* Release */,
			);
			defaultConfigurationIsVisible = 0;
			defaultConfigurationName = Release;
		};
/* End XCConfigurationList section */
	};
	rootObject = B3742AD82298778200FFB961 /* Project object */;
}
